<?xml version="1.0" encoding="utf-8"?>
<Project ToolsVersion="4.0" xmlns="http://schemas.microsoft.com/developer/msbuild/2003">
  <ItemGroup>
    <Filter Include="源文件">
      <UniqueIdentifier>{4FC737F1-C7A5-4376-A066-2A32D752A2FF}</UniqueIdentifier>
      <Extensions>cpp;c;cc;cxx;def;odl;idl;hpj;bat;asm;asmx</Extensions>
    </Filter>
    <Filter Include="头文件">
      <UniqueIdentifier>{93995380-89BD-4b04-88EB-625FBE52EBFB}</UniqueIdentifier>
      <Extensions>h;hh;hpp;hxx;hm;inl;inc;ipp;xsd</Extensions>
    </Filter>
    <Filter Include="资源文件">
      <UniqueIdentifier>{67DA6AB6-F800-4c08-8B7A-83BB121AAD01}</UniqueIdentifier>
      <Extensions>rc;ico;cur;bmp;dlg;rc2;rct;bin;rgs;gif;jpg;jpeg;jpe;resx;tiff;tif;png;wav;mfcribbon-ms</Extensions>
    </Filter>
    <Filter Include="opc2.0">
      <UniqueIdentifier>{1e94c85f-1b22-400d-9e5a-46637550267d}</UniqueIdentifier>
    </Filter>
  </ItemGroup>
  <ItemGroup>
    <ClInclude Include="stdafx.h">
      <Filter>头文件</Filter>
    </ClInclude>
    <ClInclude Include="targetver.h">
      <Filter>头文件</Filter>
    </ClInclude>
    <ClInclude Include="OpcClientSDK.h">
      <Filter>头文件</Filter>
    </ClInclude>
    <ClInclude Include="opcstructs.h">
      <Filter>头文件</Filter>
    </ClInclude>
    <ClInclude Include="opccomn.h">
      <Filter>opc2.0</Filter>
    </ClInclude>
    <ClInclude Include="opcda.h">
      <Filter>opc2.0</Filter>
    </ClInclude>
    <ClInclude Include="OpcEnum.h">
      <Filter>opc2.0</Filter>
    </ClInclude>
    <ClInclude Include="OPCException.h">
      <Filter>头文件</Filter>
    </ClInclude>
    <ClInclude Include="IAsynchDataCallback.h">
      <Filter>头文件</Filter>
    </ClInclude>
    <ClInclude Include="OPCItemData.h">
      <Filter>头文件</Filter>
    </ClInclude>
    <ClInclude Include="OPCHost.h">
      <Filter>头文件</Filter>
    </ClInclude>
    <ClInclude Include="OPCServer.h">
      <Filter>头文件</Filter>
    </ClInclude>
    <ClInclude Include="Transaction.h">
      <Filter>头文件</Filter>
    </ClInclude>
    <ClInclude Include="OPCItem.h">
      <Filter>头文件</Filter>
    </ClInclude>
    <ClInclude Include="OPCProperties.h">
      <Filter>头文件</Filter>
    </ClInclude>
    <ClInclude Include="OPCGroup.h">
      <Filter>头文件</Filter>
    </ClInclude>
  </ItemGroup>
  <ItemGroup>
    <ClCompile Include="stdafx.cpp">
      <Filter>源文件</Filter>
    </ClCompile>
    <ClCompile Include="OpcClient.cpp">
      <Filter>源文件</Filter>
    </ClCompile>
    <ClCompile Include="dllmain.cpp">
      <Filter>源文件</Filter>
    </ClCompile>
    <ClCompile Include="OpcClientSDK.cpp">
      <Filter>源文件</Filter>
    </ClCompile>
    <ClCompile Include="OPCException.cpp">
      <Filter>源文件</Filter>
    </ClCompile>
    <ClCompile Include="OPCItemData.cpp">
      <Filter>源文件</Filter>
    </ClCompile>
    <ClCompile Include="OPCHost.cpp">
      <Filter>源文件</Filter>
    </ClCompile>
    <ClCompile Include="OPCServer.cpp">
      <Filter>源文件</Filter>
    </ClCompile>
    <ClCompile Include="Transaction.cpp">
      <Filter>源文件</Filter>
    </ClCompile>
    <ClCompile Include="OPCItem.cpp">
      <Filter>源文件</Filter>
    </ClCompile>
    <ClCompile Include="OPCProperties.cpp">
      <Filter>源文件</Filter>
    </ClCompile>
    <ClCompile Include="opccomn_i.cpp">
      <Filter>opc2.0</Filter>
    </ClCompile>
    <ClCompile Include="opcda_i.cpp">
      <Filter>opc2.0</Filter>
    </ClCompile>
    <ClCompile Include="OpcEnum_i.cpp">
      <Filter>opc2.0</Filter>
    </ClCompile>
    <ClCompile Include="OPCGroup.cpp">
      <Filter>源文件</Filter>
    </ClCompile>
  </ItemGroup>
</Project>